{
  "name": "my-sip-project",
  "version": "1.0.0",
  "lockfileVersion": 3,
  "requires": true,
  "packages": {
    "": {
      "name": "my-sip-project",
      "version": "1.0.0",
      "license": "MIT",
      "dependencies": {
        "sip.js": "file:../../sip.js-0.22.0-server.1.tgz"
      }
    },
    "node_modules/sip.js": {
      "version": "0.22.0-server.1",
      "resolved": "file:../../sip.js-0.22.0-server.1.tgz",
      "integrity": "sha512-MwSoQlskpZgPSUelO2QqWBmpYTUdt+Q0Ckz4vQTiHkRdlV4H70EktYxI+GozmS5yUiOqdwQ4CCUqa5OIb6neJQ==",
      "license": "MIT",
      "engines": {
        "node": ">=10.0"
      }
    }
  }
}
